
Microsoft Visual Studio Solution File, Format Version 12.00
Project("{FAE04EC0-301F-11D3-BF4B-00C04F79EFBC}") = "TicketFlow.ProfileService", "TicketFlow.ProfileService\TicketFlow.ProfileService.csproj", "{D87E3B52-6A01-4C37-9EB6-A1CEE2569AAF}"
EndProject
Project("{FAE04EC0-301F-11D3-BF4B-00C04F79EFBC}") = "TicketFlow.ApiGateway", "TicketFlow.ApiGateway\TicketFlow.ApiGateway.csproj", "{F375DF1F-2FBA-4C70-989F-2751982E33E7}"
EndProject
Project("{FAE04EC0-301F-11D3-BF4B-00C04F79EFBC}") = "TicketFlow.Common", "TicketFlow.Common\TicketFlow.Common.csproj", "{1A52E2D8-566A-4AC2-8B68-C2DF2552B099}"
EndProject
Global
	GlobalSection(SolutionConfigurationPlatforms) = preSolution
		Debug|Any CPU = Debug|Any CPU
		Release|Any CPU = Release|Any CPU
	EndGlobalSection
	GlobalSection(ProjectConfigurationPlatforms) = postSolution
		{D87E3B52-6A01-4C37-9EB6-A1CEE2569AAF}.Debug|Any CPU.ActiveCfg = Debug|Any CPU
		{D87E3B52-6A01-4C37-9EB6-A1CEE2569AAF}.Debug|Any CPU.Build.0 = Debug|Any CPU
		{D87E3B52-6A01-4C37-9EB6-A1CEE2569AAF}.Release|Any CPU.ActiveCfg = Release|Any CPU
		{D87E3B52-6A01-4C37-9EB6-A1CEE2569AAF}.Release|Any CPU.Build.0 = Release|Any CPU
		{F375DF1F-2FBA-4C70-989F-2751982E33E7}.Debug|Any CPU.ActiveCfg = Debug|Any CPU
		{F375DF1F-2FBA-4C70-989F-2751982E33E7}.Debug|Any CPU.Build.0 = Debug|Any CPU
		{F375DF1F-2FBA-4C70-989F-2751982E33E7}.Release|Any CPU.ActiveCfg = Release|Any CPU
		{F375DF1F-2FBA-4C70-989F-2751982E33E7}.Release|Any CPU.Build.0 = Release|Any CPU
		{1A52E2D8-566A-4AC2-8B68-C2DF2552B099}.Debug|Any CPU.ActiveCfg = Debug|Any CPU
		{1A52E2D8-566A-4AC2-8B68-C2DF2552B099}.Debug|Any CPU.Build.0 = Debug|Any CPU
		{1A52E2D8-566A-4AC2-8B68-C2DF2552B099}.Release|Any CPU.ActiveCfg = Release|Any CPU
		{1A52E2D8-566A-4AC2-8B68-C2DF2552B099}.Release|Any CPU.Build.0 = Release|Any CPU
	EndGlobalSection
EndGlobal
